
Microsoft Visual Studio Solution File, Format Version 12.00
# Visual Studio Version 17
VisualStudioVersion = 17.4.33110.190
MinimumVisualStudioVersion = 10.0.40219.1
Project("{FAE04EC0-301F-11D3-BF4B-00C04F79EFBC}") = "help", "help\help.csproj", "{253A774C-5846-483B-9311-AF92D4E379F4}"
EndProject
Project("{FAE04EC0-301F-11D3-BF4B-00C04F79EFBC}") = "test", "test\test.csproj", "{C22EC50D-25D0-4A6A-9506-35DEA489F3A7}"
EndProject
Global
	GlobalSection(SolutionConfigurationPlatforms) = preSolution
		Debug|Any CPU = Debug|Any CPU
		Release|Any CPU = Release|Any CPU
	EndGlobalSection
	GlobalSection(ProjectConfigurationPlatforms) = postSolution
		{253A774C-5846-483B-9311-AF92D4E379F4}.Debug|Any CPU.ActiveCfg = Debug|Any CPU
		{253A774C-5846-483B-9311-AF92D4E379F4}.Debug|Any CPU.Build.0 = Debug|Any CPU
		{253A774C-5846-483B-9311-AF92D4E379F4}.Release|Any CPU.ActiveCfg = Release|Any CPU
		{253A774C-5846-483B-9311-AF92D4E379F4}.Release|Any CPU.Build.0 = Release|Any CPU
		{C22EC50D-25D0-4A6A-9506-35DEA489F3A7}.Debug|Any CPU.ActiveCfg = Debug|Any CPU
		{C22EC50D-25D0-4A6A-9506-35DEA489F3A7}.Debug|Any CPU.Build.0 = Debug|Any CPU
		{C22EC50D-25D0-4A6A-9506-35DEA489F3A7}.Release|Any CPU.ActiveCfg = Release|Any CPU
		{C22EC50D-25D0-4A6A-9506-35DEA489F3A7}.Release|Any CPU.Build.0 = Release|Any CPU
	EndGlobalSection
	GlobalSection(SolutionProperties) = preSolution
		HideSolutionNode = FALSE
	EndGlobalSection
	GlobalSection(ExtensibilityGlobals) = postSolution
		SolutionGuid = {61CD5D27-BF6C-48C8-B57E-634B1001A903}
	EndGlobalSection
EndGlobal
